{
  "nodes": {
    "gitIgnoreSource": {
      "inputs": {
        "nixpkgs": "nixpkgs"
      },
      "locked": {
        "lastModified": 1625992881,
        "narHash": "sha256-eCezVMt2pyTzMFQAPgkUotoCtm2/r36v3MsCBIaaDTo=",
        "owner": "IvanMalison",
        "repo": "gitignore.nix",
        "rev": "af0dc0884813e837d5e3025daaba212792c62da0",
        "type": "github"
      },
      "original": {
        "owner": "IvanMalison",
        "ref": "master",
        "repo": "gitignore.nix",
        "type": "github"
      }
    },
    "nixpkgs": {
      "locked": {
        "narHash": "sha256-2VpqiYwgoTLYeQnNz+YbMdtGrQQkjZjEH0UqVl5vm2s=",
        "path": "/home/imalison/Projects/nixpkgs",
        "type": "path"
      },
      "original": {
        "id": "nixpkgs",
        "type": "indirect"
      }
    },
    "nixpkgs_2": {
      "locked": {
        "narHash": "sha256-2VpqiYwgoTLYeQnNz+YbMdtGrQQkjZjEH0UqVl5vm2s=",
        "path": "/home/imalison/Projects/nixpkgs",
        "type": "path"
      },
      "original": {
        "id": "nixpkgs",
        "type": "indirect"
      }
    },
    "root": {
      "inputs": {
        "gitIgnoreSource": "gitIgnoreSource",
        "nixpkgs": "nixpkgs_2"
      }
    }
  },
  "root": "root",
  "version": 7
}
