{
  "nodes": {
    "dbus-hslogger": {
      "flake": false,
      "locked": {
        "lastModified": 1770613712,
        "narHash": "sha256-Az7USYfzylaIduPoOzxaz+6Evpn+TvVcThbPpWORt8k=",
        "owner": "taffybar",
        "repo": "dbus-hslogger",
        "rev": "56195c6e46e04e2454fa0fa643e06eb7ef2a0952",
        "type": "github"
      },
      "original": {
        "owner": "taffybar",
        "repo": "dbus-hslogger",
        "type": "github"
      }
    },
    "dbus-menu": {
      "flake": false,
      "locked": {
        "lastModified": 1770773439,
        "narHash": "sha256-juj+CqzH/jCDkFRKHxZfP32KC4+vnk1c1eH9gd5QIHQ=",
        "owner": "taffybar",
        "repo": "dbus-menu",
        "rev": "d683d898ef4bc89aba8579a032b7b36522e3e834",
        "type": "github"
      },
      "original": {
        "owner": "taffybar",
        "repo": "dbus-menu",
        "type": "github"
      }
    },
    "flake-compat": {
      "flake": false,
      "locked": {
        "lastModified": 1696426674,
        "narHash": "sha256-kvjfFW7WAETZlt09AgDn1MrtKzP7t90Vf7vypd3OL1U=",
        "owner": "edolstra",
        "repo": "flake-compat",
        "rev": "0f9255e01c2351cc7d116c072cb317785dd33b33",
        "type": "github"
      },
      "original": {
        "owner": "edolstra",
        "repo": "flake-compat",
        "type": "github"
      }
    },
    "flake-utils": {
      "inputs": {
        "systems": "systems"
      },
      "locked": {
        "lastModified": 1731533236,
        "narHash": "sha256-l0KFg5HjrsfsO/JpG+r7fRrqm12kzFHyUHqHCVpMMbI=",
        "owner": "numtide",
        "repo": "flake-utils",
        "rev": "11707dc2f618dd54ca8739b309ec4fc024de578b",
        "type": "github"
      },
      "original": {
        "owner": "numtide",
        "repo": "flake-utils",
        "type": "github"
      }
    },
    "gitignore": {
      "inputs": {
        "nixpkgs": [
          "weeder-nix",
          "pre-commit-hooks",
          "nixpkgs"
        ]
      },
      "locked": {
        "lastModified": 1709087332,
        "narHash": "sha256-HG2cCnktfHsKV0s4XW83gU3F57gaTljL9KNSuG6bnQs=",
        "owner": "hercules-ci",
        "repo": "gitignore.nix",
        "rev": "637db329424fd7e46cf4185293b9cc8c88c95394",
        "type": "github"
      },
      "original": {
        "owner": "hercules-ci",
        "repo": "gitignore.nix",
        "type": "github"
      }
    },
    "gtk-sni-tray": {
      "flake": false,
      "locked": {
        "lastModified": 1770814989,
        "narHash": "sha256-2iQetPR6siMUE4ohGC6XY87wsNwbaSEZY+F9oPn4e/Y=",
        "owner": "taffybar",
        "repo": "gtk-sni-tray",
        "rev": "2fbfe8ce2b5b6dd914d88b5111e97c5a3fdcd3b6",
        "type": "github"
      },
      "original": {
        "owner": "taffybar",
        "ref": "master",
        "repo": "gtk-sni-tray",
        "type": "github"
      }
    },
    "gtk-strut": {
      "flake": false,
      "locked": {
        "lastModified": 1760550944,
        "narHash": "sha256-S0saDsCA3aosU23jO5+jSXkbyrv7/C48o8GjsZrqF0I=",
        "owner": "taffybar",
        "repo": "gtk-strut",
        "rev": "5e0bf7f4b93b931a9c4b4a48b5d39de3ca8f02ae",
        "type": "github"
      },
      "original": {
        "owner": "taffybar",
        "ref": "master",
        "repo": "gtk-strut",
        "type": "github"
      }
    },
    "nixpkgs": {
      "locked": {
        "lastModified": 1770181073,
        "narHash": "sha256-ksTL7P9QC1WfZasNlaAdLOzqD8x5EPyods69YBqxSfk=",
        "owner": "NixOS",
        "repo": "nixpkgs",
        "rev": "bf922a59c5c9998a6584645f7d0de689512e444c",
        "type": "github"
      },
      "original": {
        "owner": "NixOS",
        "ref": "nixos-unstable",
        "repo": "nixpkgs",
        "type": "github"
      }
    },
    "nixpkgs_2": {
      "locked": {
        "lastModified": 1730768919,
        "narHash": "sha256-8AKquNnnSaJRXZxc5YmF/WfmxiHX6MMZZasRP6RRQkE=",
        "owner": "NixOS",
        "repo": "nixpkgs",
        "rev": "a04d33c0c3f1a59a2c1cb0c6e34cd24500e5a1dc",
        "type": "github"
      },
      "original": {
        "owner": "NixOS",
        "ref": "nixpkgs-unstable",
        "repo": "nixpkgs",
        "type": "github"
      }
    },
    "pre-commit-hooks": {
      "inputs": {
        "flake-compat": "flake-compat",
        "gitignore": "gitignore",
        "nixpkgs": "nixpkgs_2"
      },
      "locked": {
        "lastModified": 1747372754,
        "narHash": "sha256-2Y53NGIX2vxfie1rOW0Qb86vjRZ7ngizoo+bnXU9D9k=",
        "owner": "cachix",
        "repo": "pre-commit-hooks.nix",
        "rev": "80479b6ec16fefd9c1db3ea13aeb038c60530f46",
        "type": "github"
      },
      "original": {
        "owner": "cachix",
        "repo": "pre-commit-hooks.nix",
        "type": "github"
      }
    },
    "root": {
      "inputs": {
        "dbus-hslogger": "dbus-hslogger",
        "dbus-menu": "dbus-menu",
        "flake-utils": "flake-utils",
        "gtk-sni-tray": "gtk-sni-tray",
        "gtk-strut": "gtk-strut",
        "nixpkgs": "nixpkgs",
        "status-notifier-item": "status-notifier-item",
        "weeder-nix": "weeder-nix",
        "xmonad": "xmonad",
        "xmonad-contrib": "xmonad-contrib"
      }
    },
    "status-notifier-item": {
      "flake": false,
      "locked": {
        "lastModified": 1770955859,
        "narHash": "sha256-h95eUeTkNsdrVxAx0Nv0ViXHSkhhOfPF4L4DhtbfkNs=",
        "owner": "taffybar",
        "repo": "status-notifier-item",
        "rev": "a0958505f4e5fc145f34d7ad2615688d6668e02a",
        "type": "github"
      },
      "original": {
        "owner": "taffybar",
        "repo": "status-notifier-item",
        "type": "github"
      }
    },
    "systems": {
      "locked": {
        "lastModified": 1681028828,
        "narHash": "sha256-Vy1rq5AaRuLzOxct8nz4T6wlgyUR7zLU309k9mBC768=",
        "owner": "nix-systems",
        "repo": "default",
        "rev": "da67096a3b9bf56a91d16901293e51ba5b49a27e",
        "type": "github"
      },
      "original": {
        "owner": "nix-systems",
        "repo": "default",
        "type": "github"
      }
    },
    "weeder-nix": {
      "inputs": {
        "nixpkgs": [
          "nixpkgs"
        ],
        "pre-commit-hooks": "pre-commit-hooks"
      },
      "locked": {
        "lastModified": 1764753633,
        "narHash": "sha256-6552zbHzdNnkREnOluE6xePIib5cc/8Nc5OnPyHORUo=",
        "owner": "NorfairKing",
        "repo": "weeder-nix",
        "rev": "2203c43ab9f1c4e52c2cff8e3d01bbb53159b922",
        "type": "github"
      },
      "original": {
        "owner": "NorfairKing",
        "repo": "weeder-nix",
        "type": "github"
      }
    },
    "xmonad": {
      "flake": false,
      "locked": {
        "lastModified": 1767819257,
        "narHash": "sha256-U7MIHr0B10wDSNgUvq4QTK22HZ4pl2oIYkdOKEMnxC4=",
        "owner": "xmonad",
        "repo": "xmonad",
        "rev": "bb33042d408c15d8727011b1ed4aa22b2716d73d",
        "type": "github"
      },
      "original": {
        "owner": "xmonad",
        "ref": "master",
        "repo": "xmonad",
        "type": "github"
      }
    },
    "xmonad-contrib": {
      "flake": false,
      "locked": {
        "lastModified": 1769258911,
        "narHash": "sha256-YGEKXs4UmS5QOIELJTdCiMzTktuue+Bd3yFoIKSHuBU=",
        "owner": "xmonad",
        "repo": "xmonad-contrib",
        "rev": "803bc3d12bdcc512ec06856c4f119d37de1ba338",
        "type": "github"
      },
      "original": {
        "owner": "xmonad",
        "ref": "master",
        "repo": "xmonad-contrib",
        "type": "github"
      }
    }
  },
  "root": "root",
  "version": 7
}
