# This file was autogenerated by Stack.
# You should not edit this file by hand.
# For more information, please see the documentation at:
#   https://docs.haskellstack.org/en/stable/lock_files

packages:
- completed:
    hackage: ConfigFile-1.1.4@sha256:ca56261e1deae6ef958a337b03812987bfd94ab37b047e27f262bc3137813165,2056
    pantry-tree:
      size: 1016
      sha256: 58c2dbae1878d8f5bcac2848712ccfe90391bb1e6b719f43d044ead6c496f748
  original:
    hackage: ConfigFile-1.1.4
- completed:
    hackage: MissingH-1.4.3.0@sha256:7136282773f7b3e7ce3af856b41dde98a04f9b03c51813c98d040fc060dcaa53,4650
    pantry-tree:
      size: 5271
      sha256: b8e1b8f04bde976538303752932ad6a9ada1eacaa1c28fdb514022fc62be80d6
  original:
    hackage: MissingH-1.4.3.0
- completed:
    hackage: broadcast-chan-0.2.1@sha256:44add065c6b654a4677a9d77033977063c5cc596173b798bd56e4b88ae23e71e,6128
    pantry-tree:
      size: 755
      sha256: 20c61679c2789457b146c4f79ec1583377a031282cb56a82ca00fe89b53a2cf2
  original:
    hackage: broadcast-chan-0.2.1
- completed:
    hackage: dbus-hslogger-0.1.0.1@sha256:7c989216bfbd9dce7e6898e608efff13d7385d0e9cf4b5aa8c8e0358b72645be,1489
    pantry-tree:
      size: 395
      sha256: 015ca24522392f6027996ad65c4a2e3c9bd5371984ffc62d8ec43ed651d3e87a
  original:
    hackage: dbus-hslogger-0.1.0.1
- completed:
    hackage: gi-cairo-connector-0.0.1@sha256:b909fcfcb3c19fceb93ea309381c059020e9b9ae8d1fc39aad94962e112fc289,1166
    pantry-tree:
      size: 186
      sha256: 7cc3b726092bbff0ad393f07177a875b3bddc1946b008f8216aa56947e944576
  original:
    hackage: gi-cairo-connector-0.0.1
- completed:
    hackage: gi-cairo-render-0.0.1@sha256:ff2ccc309c021c2c023fa0d380375ef36cff2df93e0c78ed733f052dd1aa9782,3502
    pantry-tree:
      size: 1603
      sha256: e05dbca4c5acaf73903c142fc586d42ac8e2b57aabcc890053f8b02b1067d60a
  original:
    hackage: gi-cairo-render-0.0.1
- completed:
    hackage: gtk-sni-tray-0.1.6.0@sha256:c9d355a67f459431c377f628a4853b1ed9a50e6591eceb76b1189b735aa765da,2188
    pantry-tree:
      size: 456
      sha256: 49b4c274219277ccf8a67999f6ff42cd083de830f6c1d879efd08281960f1df5
  original:
    hackage: gtk-sni-tray-0.1.6.0
- completed:
    hackage: gtk-strut-0.1.3.0@sha256:a1ad2b79d5c581366062278fd43db7fbc8b703cc156bacbcf3b94dc57dea7811,1140
    pantry-tree:
      size: 390
      sha256: 1edced59a053301d94239209d7cdb8f6baec68276abf1752de3dbe9b6f95c5a5
  original:
    hackage: gtk-strut-0.1.3.0
- completed:
    hackage: rate-limit-1.4.2@sha256:78b935d96fe82b4d059908557e2c904925e99fcd465e2b4dfd65b8d2930163a2,930
    pantry-tree:
      size: 168
      sha256: 930207a8350478df4e8dcf6957af8e3ac952282002f204eea3aac6baa0e9b975
  original:
    hackage: rate-limit-1.4.2
- completed:
    hackage: status-notifier-item-0.3.0.5@sha256:a07f6c0a28949615fb2c3738330b745b58b28b26b1b99e8fa2884a6b4f4e5b4f,2576
    pantry-tree:
      size: 1157
      sha256: 3cc1b7731ea002cde00f349dd5bac798a6f222506cdb7cbd7b563a861c6d1a26
  original:
    hackage: status-notifier-item-0.3.0.5
- completed:
    hackage: time-units-1.0.0@sha256:27cf54091c4a0ca73d504fc11d5c31ab4041d17404fe3499945e2055697746c1,928
    pantry-tree:
      size: 212
      sha256: 9b516d4195fcea22cd1f4335cfe210e88deca397ba7dacc494d5a2feb69e1af8
  original:
    hackage: time-units-1.0.0
- completed:
    hackage: xdg-desktop-entry-0.1.1.1@sha256:6add2e483664bebb4d63217795b2b9e4a897c63354ff96674b3d717836cb46ab,1010
    pantry-tree:
      size: 296
      sha256: 84c74338122491c2b4f8214ef3df2217700ac5ce262fbe07b69f10c071a02e86
  original:
    hackage: xdg-desktop-entry-0.1.1.1
- completed:
    hackage: xml-helpers-1.0.0@sha256:3b0808db529fa362a67717c78a78a4728859f60f31e9213ae2d32720fbe053a1,610
    pantry-tree:
      size: 220
      sha256: 23e445f90ddb3c02c05125fb273045718fc0551509fe931ae8010a3a189ba215
  original:
    hackage: xml-helpers-1.0.0
snapshots:
- completed:
    size: 493124
    url: https://raw.githubusercontent.com/commercialhaskell/stackage-snapshots/master/lts/15/10.yaml
    sha256: 48bc6d1d59224a5166265ef6cdda6a512f29ecc8ef7331826312b82377e89507
  original: lts-15.10
