# This file was autogenerated by Stack.
# You should not edit this file by hand.
# For more information, please see the documentation at:
#   https://docs.haskellstack.org/en/stable/topics/lock_files

packages:
- completed:
    hackage: gtk-sni-tray-0.1.9.0@sha256:a1388de5be89001bd256017d066ce246a2a84ddcabb254c75b48063fce7b118b,2045
    pantry-tree:
      sha256: 1ba4d16f380900b7d206404dc137b6f2ee6791d1864baddd4f66b9b93853bf27
      size: 457
  original:
    hackage: gtk-sni-tray-0.1.9.0
- completed:
    hackage: gtk-strut-0.1.4.0@sha256:baf936e1633489afa7500787c5a9c629ebc8dd21fadd15ccbb4add494051c782,1100
    pantry-tree:
      sha256: 2c0486ca402fba3887dce0931e5dc2999e8d9968d9d2760d5a6697df07a981a8
      size: 391
  original:
    hackage: gtk-strut-0.1.4.0
- completed:
    name: gi-gtk-hs
    pantry-tree:
      sha256: 7741e5520568b820b91fa8fb36d98e9534e5d703fb72550ccc8789949d8dd5ae
      size: 1381
    sha256: 2b0d8b9c7539cbbe824576dedad7715354e1afe2c0bda2e19ba0a266be17bb9d
    size: 1194917
    subdir: gi-gtk-hs
    url: https://github.com/haskell-gi/haskell-gi/archive/e2ed85835499f70e119f050a2f37f22481f93886.tar.gz
    version: 0.3.17
  original:
    subdir: gi-gtk-hs
    url: https://github.com/haskell-gi/haskell-gi/archive/e2ed85835499f70e119f050a2f37f22481f93886.tar.gz
snapshots:
- completed:
    sha256: 5f4489ac0c364ec4140f885e8266055e2650322bf8b6af7839a793fbc5c0d288
    size: 726103
    url: https://raw.githubusercontent.com/commercialhaskell/stackage-snapshots/master/lts/24/15.yaml
  original: lts-24.15
