# This file was autogenerated by Stack.
# You should not edit this file by hand.
# For more information, please see the documentation at:
#   https://docs.haskellstack.org/en/stable/topics/lock_files

packages: []
snapshots:
- completed:
    sha256: 3f2df7b454a3749568d19eef5e40c71ce4933a5de7f4eba17901feac74877c5d
    size: 723249
    url: https://raw.githubusercontent.com/commercialhaskell/stackage-snapshots/master/nightly/2026/2/20.yaml
  original: nightly-2026-02-20
